// !$*UTF8*$!
{
	archiveVersion = 1;
	classes = {
	};
	objectVersion = 55;
	objects = {

/* Begin PBXBuildFile section */
		A17099F427D33320002D21AE /* AppDelegate.swift in Sources */ = {isa = PBXBuildFile; fileRef = A17099F327D33320002D21AE /* AppDelegate.swift */; };
		A17099F627D33320002D21AE /* SceneDelegate.swift in Sources */ = {isa = PBXBuildFile; fileRef = A17099F527D33320002D21AE /* SceneDelegate.swift */; };
		A17099FE27D33320002D21AE /* PlanRaderTask.xcdatamodeld in Sources */ = {isa = PBXBuildFile; fileRef = A17099FC27D33320002D21AE /* PlanRaderTask.xcdatamodeld */; };
		A1709A0027D33324002D21AE /* Assets.xcassets in Resources */ = {isa = PBXBuildFile; fileRef = A17099FF27D33324002D21AE /* Assets.xcassets */; };
		A1709A0327D33324002D21AE /* LaunchScreen.storyboard in Resources */ = {isa = PBXBuildFile; fileRef = A1709A0127D33324002D21AE /* LaunchScreen.storyboard */; };
		A1709A0E27D33325002D21AE /* PlanRaderTaskTests.swift in Sources */ = {isa = PBXBuildFile; fileRef = A1709A0D27D33325002D21AE /* PlanRaderTaskTests.swift */; };
		A1709A1827D33325002D21AE /* PlanRaderTaskUITests.swift in Sources */ = {isa = PBXBuildFile; fileRef = A1709A1727D33325002D21AE /* PlanRaderTaskUITests.swift */; };
		A1709A1A27D33325002D21AE /* PlanRaderTaskUITestsLaunchTests.swift in Sources */ = {isa = PBXBuildFile; fileRef = A1709A1927D33325002D21AE /* PlanRaderTaskUITestsLaunchTests.swift */; };
		A1709A2927D33410002D21AE /* CityCell.swift in Sources */ = {isa = PBXBuildFile; fileRef = A1709A2727D33410002D21AE /* CityCell.swift */; };
		A1709A2A27D33410002D21AE /* CityCell.xib in Resources */ = {isa = PBXBuildFile; fileRef = A1709A2827D33410002D21AE /* CityCell.xib */; };
		A1709A2E27D33514002D21AE /* Colors.xcassets in Resources */ = {isa = PBXBuildFile; fileRef = A1709A2D27D33514002D21AE /* Colors.xcassets */; };
		A1709A6E27D3392F002D21AE /* AnimationTiming.swift in Sources */ = {isa = PBXBuildFile; fileRef = A1709A6327D3392F002D21AE /* AnimationTiming.swift */; };
		A1709A6F27D3392F002D21AE /* AnimationTiming.swift in Sources */ = {isa = PBXBuildFile; fileRef = A1709A6327D3392F002D21AE /* AnimationTiming.swift */; };
		A1709A7027D3392F002D21AE /* AnimationTiming.swift in Sources */ = {isa = PBXBuildFile; fileRef = A1709A6327D3392F002D21AE /* AnimationTiming.swift */; };
		A1709A7127D3392F002D21AE /* Animation.swift in Sources */ = {isa = PBXBuildFile; fileRef = A1709A6427D3392F002D21AE /* Animation.swift */; };
		A1709A7227D3392F002D21AE /* Animation.swift in Sources */ = {isa = PBXBuildFile; fileRef = A1709A6427D3392F002D21AE /* Animation.swift */; };
		A1709A7327D3392F002D21AE /* Animation.swift in Sources */ = {isa = PBXBuildFile; fileRef = A1709A6427D3392F002D21AE /* Animation.swift */; };
		A1709A7727D3392F002D21AE /* AnimationDuration.swift in Sources */ = {isa = PBXBuildFile; fileRef = A1709A6627D3392F002D21AE /* AnimationDuration.swift */; };
		A1709A7827D3392F002D21AE /* AnimationDuration.swift in Sources */ = {isa = PBXBuildFile; fileRef = A1709A6627D3392F002D21AE /* AnimationDuration.swift */; };
		A1709A7927D3392F002D21AE /* AnimationDuration.swift in Sources */ = {isa = PBXBuildFile; fileRef = A1709A6627D3392F002D21AE /* AnimationDuration.swift */; };
		A1709A7A27D3392F002D21AE /* DesignSystem.swift in Sources */ = {isa = PBXBuildFile; fileRef = A1709A6727D3392F002D21AE /* DesignSystem.swift */; };
		A1709A7B27D3392F002D21AE /* DesignSystem.swift in Sources */ = {isa = PBXBuildFile; fileRef = A1709A6727D3392F002D21AE /* DesignSystem.swift */; };
		A1709A7C27D3392F002D21AE /* DesignSystem.swift in Sources */ = {isa = PBXBuildFile; fileRef = A1709A6727D3392F002D21AE /* DesignSystem.swift */; };
		A1709A7D27D3392F002D21AE /* Colors.swift in Sources */ = {isa = PBXBuildFile; fileRef = A1709A6927D3392F002D21AE /* Colors.swift */; };
		A1709A7E27D3392F002D21AE /* Colors.swift in Sources */ = {isa = PBXBuildFile; fileRef = A1709A6927D3392F002D21AE /* Colors.swift */; };
		A1709A7F27D3392F002D21AE /* Colors.swift in Sources */ = {isa = PBXBuildFile; fileRef = A1709A6927D3392F002D21AE /* Colors.swift */; };
		A1709A8027D3392F002D21AE /* Typography.swift in Sources */ = {isa = PBXBuildFile; fileRef = A1709A6B27D3392F002D21AE /* Typography.swift */; };
		A1709A8127D3392F002D21AE /* Typography.swift in Sources */ = {isa = PBXBuildFile; fileRef = A1709A6B27D3392F002D21AE /* Typography.swift */; };
		A1709A8227D3392F002D21AE /* Typography.swift in Sources */ = {isa = PBXBuildFile; fileRef = A1709A6B27D3392F002D21AE /* Typography.swift */; };
		A1709A8327D3392F002D21AE /* CustomFontDescriptor.swift in Sources */ = {isa = PBXBuildFile; fileRef = A1709A6C27D3392F002D21AE /* CustomFontDescriptor.swift */; };
		A1709A8427D3392F002D21AE /* CustomFontDescriptor.swift in Sources */ = {isa = PBXBuildFile; fileRef = A1709A6C27D3392F002D21AE /* CustomFontDescriptor.swift */; };
		A1709A8527D3392F002D21AE /* CustomFontDescriptor.swift in Sources */ = {isa = PBXBuildFile; fileRef = A1709A6C27D3392F002D21AE /* CustomFontDescriptor.swift */; };
		A1709A8627D3392F002D21AE /* Font.swift in Sources */ = {isa = PBXBuildFile; fileRef = A1709A6D27D3392F002D21AE /* Font.swift */; };
		A1709A8727D3392F002D21AE /* Font.swift in Sources */ = {isa = PBXBuildFile; fileRef = A1709A6D27D3392F002D21AE /* Font.swift */; };
		A1709A8827D3392F002D21AE /* Font.swift in Sources */ = {isa = PBXBuildFile; fileRef = A1709A6D27D3392F002D21AE /* Font.swift */; };
		A1709A8C27D3399F002D21AE /* Bahij_TheSansArabic-SemiBold.ttf in Resources */ = {isa = PBXBuildFile; fileRef = A1709A8A27D3399F002D21AE /* Bahij_TheSansArabic-SemiBold.ttf */; };
		A1709A8D27D3399F002D21AE /* Bahij_TheSansArabic-SemiBold.ttf in Resources */ = {isa = PBXBuildFile; fileRef = A1709A8A27D3399F002D21AE /* Bahij_TheSansArabic-SemiBold.ttf */; };
		A1709A8E27D3399F002D21AE /* Bahij_TheSansArabic-SemiBold.ttf in Resources */ = {isa = PBXBuildFile; fileRef = A1709A8A27D3399F002D21AE /* Bahij_TheSansArabic-SemiBold.ttf */; };
		A1709A8F27D3399F002D21AE /* Bahij_TheSansArabic-Bold.ttf in Resources */ = {isa = PBXBuildFile; fileRef = A1709A8B27D3399F002D21AE /* Bahij_TheSansArabic-Bold.ttf */; };
		A1709A9027D3399F002D21AE /* Bahij_TheSansArabic-Bold.ttf in Resources */ = {isa = PBXBuildFile; fileRef = A1709A8B27D3399F002D21AE /* Bahij_TheSansArabic-Bold.ttf */; };
		A1709A9127D3399F002D21AE /* Bahij_TheSansArabic-Bold.ttf in Resources */ = {isa = PBXBuildFile; fileRef = A1709A8B27D3399F002D21AE /* Bahij_TheSansArabic-Bold.ttf */; };
		A1709A9727D33B97002D21AE /* CustomLabel.swift in Sources */ = {isa = PBXBuildFile; fileRef = A1709A9627D33B97002D21AE /* CustomLabel.swift */; };
		A1709A9827D33B97002D21AE /* CustomLabel.swift in Sources */ = {isa = PBXBuildFile; fileRef = A1709A9627D33B97002D21AE /* CustomLabel.swift */; };
		A1709A9927D33B97002D21AE /* CustomLabel.swift in Sources */ = {isa = PBXBuildFile; fileRef = A1709A9627D33B97002D21AE /* CustomLabel.swift */; };
		A1709A9E27D33D7E002D21AE /* UILabels.swift in Sources */ = {isa = PBXBuildFile; fileRef = A1709A9D27D33D7E002D21AE /* UILabels.swift */; };
		A1709A9F27D33D7E002D21AE /* UILabels.swift in Sources */ = {isa = PBXBuildFile; fileRef = A1709A9D27D33D7E002D21AE /* UILabels.swift */; };
		A1709AA027D33D7E002D21AE /* UILabels.swift in Sources */ = {isa = PBXBuildFile; fileRef = A1709A9D27D33D7E002D21AE /* UILabels.swift */; };
		A1709AA327D33E50002D21AE /* WeatherTableViewController.swift in Sources */ = {isa = PBXBuildFile; fileRef = A1709AA127D33E50002D21AE /* WeatherTableViewController.swift */; };
		A1709AA427D33E50002D21AE /* WeatherTableViewController.swift in Sources */ = {isa = PBXBuildFile; fileRef = A1709AA127D33E50002D21AE /* WeatherTableViewController.swift */; };
		A1709AA527D33E50002D21AE /* WeatherTableViewController.swift in Sources */ = {isa = PBXBuildFile; fileRef = A1709AA127D33E50002D21AE /* WeatherTableViewController.swift */; };
		A1709AA627D33E50002D21AE /* WeatherTableViewController.xib in Resources */ = {isa = PBXBuildFile; fileRef = A1709AA227D33E50002D21AE /* WeatherTableViewController.xib */; };
		A1709AA727D33E50002D21AE /* WeatherTableViewController.xib in Resources */ = {isa = PBXBuildFile; fileRef = A1709AA227D33E50002D21AE /* WeatherTableViewController.xib */; };
		A1709AA827D33E50002D21AE /* WeatherTableViewController.xib in Resources */ = {isa = PBXBuildFile; fileRef = A1709AA227D33E50002D21AE /* WeatherTableViewController.xib */; };
		A1709AAA27D33EBB002D21AE /* SplashViewController.swift in Sources */ = {isa = PBXBuildFile; fileRef = A1709AA927D33EBB002D21AE /* SplashViewController.swift */; };
		A1709AAB27D33EBB002D21AE /* SplashViewController.swift in Sources */ = {isa = PBXBuildFile; fileRef = A1709AA927D33EBB002D21AE /* SplashViewController.swift */; };
		A1709AAC27D33EBB002D21AE /* SplashViewController.swift in Sources */ = {isa = PBXBuildFile; fileRef = A1709AA927D33EBB002D21AE /* SplashViewController.swift */; };
		A1709AAE27D33ED2002D21AE /* Splash.storyboard in Resources */ = {isa = PBXBuildFile; fileRef = A1709AAD27D33ED2002D21AE /* Splash.storyboard */; };
		A1709AAF27D33ED2002D21AE /* Splash.storyboard in Resources */ = {isa = PBXBuildFile; fileRef = A1709AAD27D33ED2002D21AE /* Splash.storyboard */; };
		A1709AB027D33ED2002D21AE /* Splash.storyboard in Resources */ = {isa = PBXBuildFile; fileRef = A1709AAD27D33ED2002D21AE /* Splash.storyboard */; };
/* End PBXBuildFile section */

/* Begin PBXContainerItemProxy section */
		A1709A0A27D33325002D21AE /* PBXContainerItemProxy */ = {
			isa = PBXContainerItemProxy;
			containerPortal = A17099E827D33320002D21AE /* Project object */;
			proxyType = 1;
			remoteGlobalIDString = A17099EF27D33320002D21AE;
			remoteInfo = PlanRaderTask;
		};
		A1709A1427D33325002D21AE /* PBXContainerItemProxy */ = {
			isa = PBXContainerItemProxy;
			containerPortal = A17099E827D33320002D21AE /* Project object */;
			proxyType = 1;
			remoteGlobalIDString = A17099EF27D33320002D21AE;
			remoteInfo = PlanRaderTask;
		};
/* End PBXContainerItemProxy section */

/* Begin PBXFileReference section */
		A17099F027D33320002D21AE /* PlanRaderTask.app */ = {isa = PBXFileReference; explicitFileType = wrapper.application; includeInIndex = 0; path = PlanRaderTask.app; sourceTree = BUILT_PRODUCTS_DIR; };
		A17099F327D33320002D21AE /* AppDelegate.swift */ = {isa = PBXFileReference; lastKnownFileType = sourcecode.swift; path = AppDelegate.swift; sourceTree = "<group>"; };
		A17099F527D33320002D21AE /* SceneDelegate.swift */ = {isa = PBXFileReference; lastKnownFileType = sourcecode.swift; path = SceneDelegate.swift; sourceTree = "<group>"; };
		A17099FD27D33320002D21AE /* PlanRaderTask.xcdatamodel */ = {isa = PBXFileReference; lastKnownFileType = wrapper.xcdatamodel; path = PlanRaderTask.xcdatamodel; sourceTree = "<group>"; };
		A17099FF27D33324002D21AE /* Assets.xcassets */ = {isa = PBXFileReference; lastKnownFileType = folder.assetcatalog; path = Assets.xcassets; sourceTree = "<group>"; };
		A1709A0227D33324002D21AE /* Base */ = {isa = PBXFileReference; lastKnownFileType = file.storyboard; name = Base; path = Base.lproj/LaunchScreen.storyboard; sourceTree = "<group>"; };
		A1709A0427D33324002D21AE /* Info.plist */ = {isa = PBXFileReference; lastKnownFileType = text.plist.xml; path = Info.plist; sourceTree = "<group>"; };
		A1709A0927D33325002D21AE /* PlanRaderTaskTests.xctest */ = {isa = PBXFileReference; explicitFileType = wrapper.cfbundle; includeInIndex = 0; path = PlanRaderTaskTests.xctest; sourceTree = BUILT_PRODUCTS_DIR; };
		A1709A0D27D33325002D21AE /* PlanRaderTaskTests.swift */ = {isa = PBXFileReference; lastKnownFileType = sourcecode.swift; path = PlanRaderTaskTests.swift; sourceTree = "<group>"; };
		A1709A1327D33325002D21AE /* PlanRaderTaskUITests.xctest */ = {isa = PBXFileReference; explicitFileType = wrapper.cfbundle; includeInIndex = 0; path = PlanRaderTaskUITests.xctest; sourceTree = BUILT_PRODUCTS_DIR; };
		A1709A1727D33325002D21AE /* PlanRaderTaskUITests.swift */ = {isa = PBXFileReference; lastKnownFileType = sourcecode.swift; path = PlanRaderTaskUITests.swift; sourceTree = "<group>"; };
		A1709A1927D33325002D21AE /* PlanRaderTaskUITestsLaunchTests.swift */ = {isa = PBXFileReference; lastKnownFileType = sourcecode.swift; path = PlanRaderTaskUITestsLaunchTests.swift; sourceTree = "<group>"; };
		A1709A2727D33410002D21AE /* CityCell.swift */ = {isa = PBXFileReference; lastKnownFileType = sourcecode.swift; path = CityCell.swift; sourceTree = "<group>"; };
		A1709A2827D33410002D21AE /* CityCell.xib */ = {isa = PBXFileReference; lastKnownFileType = file.xib; path = CityCell.xib; sourceTree = "<group>"; };
		A1709A2D27D33514002D21AE /* Colors.xcassets */ = {isa = PBXFileReference; lastKnownFileType = folder.assetcatalog; path = Colors.xcassets; sourceTree = "<group>"; };
		A1709A6327D3392F002D21AE /* AnimationTiming.swift */ = {isa = PBXFileReference; fileEncoding = 4; lastKnownFileType = sourcecode.swift; path = AnimationTiming.swift; sourceTree = "<group>"; };
		A1709A6427D3392F002D21AE /* Animation.swift */ = {isa = PBXFileReference; fileEncoding = 4; lastKnownFileType = sourcecode.swift; path = Animation.swift; sourceTree = "<group>"; };
		A1709A6627D3392F002D21AE /* AnimationDuration.swift */ = {isa = PBXFileReference; fileEncoding = 4; lastKnownFileType = sourcecode.swift; path = AnimationDuration.swift; sourceTree = "<group>"; };
		A1709A6727D3392F002D21AE /* DesignSystem.swift */ = {isa = PBXFileReference; fileEncoding = 4; lastKnownFileType = sourcecode.swift; path = DesignSystem.swift; sourceTree = "<group>"; };
		A1709A6927D3392F002D21AE /* Colors.swift */ = {isa = PBXFileReference; fileEncoding = 4; lastKnownFileType = sourcecode.swift; path = Colors.swift; sourceTree = "<group>"; };
		A1709A6B27D3392F002D21AE /* Typography.swift */ = {isa = PBXFileReference; fileEncoding = 4; lastKnownFileType = sourcecode.swift; path = Typography.swift; sourceTree = "<group>"; };
		A1709A6C27D3392F002D21AE /* CustomFontDescriptor.swift */ = {isa = PBXFileReference; fileEncoding = 4; lastKnownFileType = sourcecode.swift; path = CustomFontDescriptor.swift; sourceTree = "<group>"; };
		A1709A6D27D3392F002D21AE /* Font.swift */ = {isa = PBXFileReference; fileEncoding = 4; lastKnownFileType = sourcecode.swift; path = Font.swift; sourceTree = "<group>"; };
		A1709A8A27D3399F002D21AE /* Bahij_TheSansArabic-SemiBold.ttf */ = {isa = PBXFileReference; lastKnownFileType = file; path = "Bahij_TheSansArabic-SemiBold.ttf"; sourceTree = "<group>"; };
		A1709A8B27D3399F002D21AE /* Bahij_TheSansArabic-Bold.ttf */ = {isa = PBXFileReference; lastKnownFileType = file; path = "Bahij_TheSansArabic-Bold.ttf"; sourceTree = "<group>"; };
		A1709A9627D33B97002D21AE /* CustomLabel.swift */ = {isa = PBXFileReference; fileEncoding = 4; lastKnownFileType = sourcecode.swift; path = CustomLabel.swift; sourceTree = "<group>"; };
		A1709A9D27D33D7E002D21AE /* UILabels.swift */ = {isa = PBXFileReference; lastKnownFileType = sourcecode.swift; path = UILabels.swift; sourceTree = "<group>"; };
		A1709AA127D33E50002D21AE /* WeatherTableViewController.swift */ = {isa = PBXFileReference; lastKnownFileType = sourcecode.swift; path = WeatherTableViewController.swift; sourceTree = "<group>"; };
		A1709AA227D33E50002D21AE /* WeatherTableViewController.xib */ = {isa = PBXFileReference; lastKnownFileType = file.xib; path = WeatherTableViewController.xib; sourceTree = "<group>"; };
		A1709AA927D33EBB002D21AE /* SplashViewController.swift */ = {isa = PBXFileReference; lastKnownFileType = sourcecode.swift; path = SplashViewController.swift; sourceTree = "<group>"; };
		A1709AAD27D33ED2002D21AE /* Splash.storyboard */ = {isa = PBXFileReference; lastKnownFileType = file.storyboard; path = Splash.storyboard; sourceTree = "<group>"; };
/* End PBXFileReference section */

/* Begin PBXFrameworksBuildPhase section */
		A17099ED27D33320002D21AE /* Frameworks */ = {
			isa = PBXFrameworksBuildPhase;
			buildActionMask = 2147483647;
			files = (
			);
			runOnlyForDeploymentPostprocessing = 0;
		};
		A1709A0627D33325002D21AE /* Frameworks */ = {
			isa = PBXFrameworksBuildPhase;
			buildActionMask = 2147483647;
			files = (
			);
			runOnlyForDeploymentPostprocessing = 0;
		};
		A1709A1027D33325002D21AE /* Frameworks */ = {
			isa = PBXFrameworksBuildPhase;
			buildActionMask = 2147483647;
			files = (
			);
			runOnlyForDeploymentPostprocessing = 0;
		};
/* End PBXFrameworksBuildPhase section */

/* Begin PBXGroup section */
		A17099E727D33320002D21AE = {
			isa = PBXGroup;
			children = (
				A17099F227D33320002D21AE /* PlanRaderTask */,
				A1709A0C27D33325002D21AE /* PlanRaderTaskTests */,
				A1709A1627D33325002D21AE /* PlanRaderTaskUITests */,
				A17099F127D33320002D21AE /* Products */,
			);
			sourceTree = "<group>";
		};
		A17099F127D33320002D21AE /* Products */ = {
			isa = PBXGroup;
			children = (
				A17099F027D33320002D21AE /* PlanRaderTask.app */,
				A1709A0927D33325002D21AE /* PlanRaderTaskTests.xctest */,
				A1709A1327D33325002D21AE /* PlanRaderTaskUITests.xctest */,
			);
			name = Products;
			sourceTree = "<group>";
		};
		A17099F227D33320002D21AE /* PlanRaderTask */ = {
			isa = PBXGroup;
			children = (
				A1709A3227D336F1002D21AE /* App */,
				A1709A9427D33B71002D21AE /* Utlits */,
				A1709A9327D33B05002D21AE /* Scenes */,
				A1709A2C27D334F7002D21AE /* Resourses */,
				A1709A0127D33324002D21AE /* LaunchScreen.storyboard */,
				A17099FC27D33320002D21AE /* PlanRaderTask.xcdatamodeld */,
			);
			path = PlanRaderTask;
			sourceTree = "<group>";
		};
		A1709A0C27D33325002D21AE /* PlanRaderTaskTests */ = {
			isa = PBXGroup;
			children = (
				A1709A0D27D33325002D21AE /* PlanRaderTaskTests.swift */,
			);
			path = PlanRaderTaskTests;
			sourceTree = "<group>";
		};
		A1709A1627D33325002D21AE /* PlanRaderTaskUITests */ = {
			isa = PBXGroup;
			children = (
				A1709A1727D33325002D21AE /* PlanRaderTaskUITests.swift */,
				A1709A1927D33325002D21AE /* PlanRaderTaskUITestsLaunchTests.swift */,
			);
			path = PlanRaderTaskUITests;
			sourceTree = "<group>";
		};
		A1709A2627D333E4002D21AE /* Cities */ = {
			isa = PBXGroup;
			children = (
				A1709A2F27D3361D002D21AE /* Controller */,
				A1709A2B27D33414002D21AE /* Cells */,
			);
			path = Cities;
			sourceTree = "<group>";
		};
		A1709A2B27D33414002D21AE /* Cells */ = {
			isa = PBXGroup;
			children = (
				A1709A2727D33410002D21AE /* CityCell.swift */,
				A1709A2827D33410002D21AE /* CityCell.xib */,
			);
			path = Cells;
			sourceTree = "<group>";
		};
		A1709A2C27D334F7002D21AE /* Resourses */ = {
			isa = PBXGroup;
			children = (
				A1709A8927D3399F002D21AE /* Fonts */,
				A17099FF27D33324002D21AE /* Assets.xcassets */,
				A1709A2D27D33514002D21AE /* Colors.xcassets */,
			);
			path = Resourses;
			sourceTree = "<group>";
		};
		A1709A2F27D3361D002D21AE /* Controller */ = {
			isa = PBXGroup;
			children = (
				A1709AA127D33E50002D21AE /* WeatherTableViewController.swift */,
				A1709AA227D33E50002D21AE /* WeatherTableViewController.xib */,
			);
			path = Controller;
			sourceTree = "<group>";
		};
		A1709A3227D336F1002D21AE /* App */ = {
			isa = PBXGroup;
			children = (
				A1709A9227D33A07002D21AE /* Application */,
				A1709A6127D3392F002D21AE /* DesignSystem */,
			);
			path = App;
			sourceTree = "<group>";
		};
		A1709A6127D3392F002D21AE /* DesignSystem */ = {
			isa = PBXGroup;
			children = (
				A1709A6227D3392F002D21AE /* Animation */,
				A1709A6727D3392F002D21AE /* DesignSystem.swift */,
				A1709A6827D3392F002D21AE /* Colors */,
				A1709A6A27D3392F002D21AE /* Typography */,
			);
			path = DesignSystem;
			sourceTree = "<group>";
		};
		A1709A6227D3392F002D21AE /* Animation */ = {
			isa = PBXGroup;
			children = (
				A1709A6327D3392F002D21AE /* AnimationTiming.swift */,
				A1709A6427D3392F002D21AE /* Animation.swift */,
				A1709A6627D3392F002D21AE /* AnimationDuration.swift */,
			);
			path = Animation;
			sourceTree = "<group>";
		};
		A1709A6827D3392F002D21AE /* Colors */ = {
			isa = PBXGroup;
			children = (
				A1709A6927D3392F002D21AE /* Colors.swift */,
			);
			path = Colors;
			sourceTree = "<group>";
		};
		A1709A6A27D3392F002D21AE /* Typography */ = {
			isa = PBXGroup;
			children = (
				A1709A6B27D3392F002D21AE /* Typography.swift */,
				A1709A6C27D3392F002D21AE /* CustomFontDescriptor.swift */,
				A1709A6D27D3392F002D21AE /* Font.swift */,
			);
			path = Typography;
			sourceTree = "<group>";
		};
		A1709A8927D3399F002D21AE /* Fonts */ = {
			isa = PBXGroup;
			children = (
				A1709A8A27D3399F002D21AE /* Bahij_TheSansArabic-SemiBold.ttf */,
				A1709A8B27D3399F002D21AE /* Bahij_TheSansArabic-Bold.ttf */,
			);
			path = Fonts;
			sourceTree = "<group>";
		};
		A1709A9227D33A07002D21AE /* Application */ = {
			isa = PBXGroup;
			children = (
				A1709A0427D33324002D21AE /* Info.plist */,
				A17099F327D33320002D21AE /* AppDelegate.swift */,
				A17099F527D33320002D21AE /* SceneDelegate.swift */,
			);
			path = Application;
			sourceTree = "<group>";
		};
		A1709A9327D33B05002D21AE /* Scenes */ = {
			isa = PBXGroup;
			children = (
				A1709AB127D33EE9002D21AE /* Splash */,
				A1709A2627D333E4002D21AE /* Cities */,
			);
			path = Scenes;
			sourceTree = "<group>";
		};
		A1709A9427D33B71002D21AE /* Utlits */ = {
			isa = PBXGroup;
			children = (
				A1709A9527D33B8B002D21AE /* Customs */,
			);
			path = Utlits;
			sourceTree = "<group>";
		};
		A1709A9527D33B8B002D21AE /* Customs */ = {
			isa = PBXGroup;
			children = (
				A1709A9A27D33D50002D21AE /* Label */,
			);
			path = Customs;
			sourceTree = "<group>";
		};
		A1709A9A27D33D50002D21AE /* Label */ = {
			isa = PBXGroup;
			children = (
				A1709A9627D33B97002D21AE /* CustomLabel.swift */,
				A1709A9D27D33D7E002D21AE /* UILabels.swift */,
			);
			path = Label;
			sourceTree = "<group>";
		};
		A1709AB127D33EE9002D21AE /* Splash */ = {
			isa = PBXGroup;
			children = (
				A1709AAD27D33ED2002D21AE /* Splash.storyboard */,
				A1709AA927D33EBB002D21AE /* SplashViewController.swift */,
			);
			name = Splash;
			sourceTree = "<group>";
		};
/* End PBXGroup section */

/* Begin PBXNativeTarget section */
		A17099EF27D33320002D21AE /* PlanRaderTask */ = {
			isa = PBXNativeTarget;
			buildConfigurationList = A1709A1D27D33325002D21AE /* Build configuration list for PBXNativeTarget "PlanRaderTask" */;
			buildPhases = (
				A17099EC27D33320002D21AE /* Sources */,
				A17099ED27D33320002D21AE /* Frameworks */,
				A17099EE27D33320002D21AE /* Resources */,
			);
			buildRules = (
			);
			dependencies = (
			);
			name = PlanRaderTask;
			productName = PlanRaderTask;
			productReference = A17099F027D33320002D21AE /* PlanRaderTask.app */;
			productType = "com.apple.product-type.application";
		};
		A1709A0827D33325002D21AE /* PlanRaderTaskTests */ = {
			isa = PBXNativeTarget;
			buildConfigurationList = A1709A2027D33325002D21AE /* Build configuration list for PBXNativeTarget "PlanRaderTaskTests" */;
			buildPhases = (
				A1709A0527D33325002D21AE /* Sources */,
				A1709A0627D33325002D21AE /* Frameworks */,
				A1709A0727D33325002D21AE /* Resources */,
			);
			buildRules = (
			);
			dependencies = (
				A1709A0B27D33325002D21AE /* PBXTargetDependency */,
			);
			name = PlanRaderTaskTests;
			productName = PlanRaderTaskTests;
			productReference = A1709A0927D33325002D21AE /* PlanRaderTaskTests.xctest */;
			productType = "com.apple.product-type.bundle.unit-test";
		};
		A1709A1227D33325002D21AE /* PlanRaderTaskUITests */ = {
			isa = PBXNativeTarget;
			buildConfigurationList = A1709A2327D33325002D21AE /* Build configuration list for PBXNativeTarget "PlanRaderTaskUITests" */;
			buildPhases = (
				A1709A0F27D33325002D21AE /* Sources */,
				A1709A1027D33325002D21AE /* Frameworks */,
				A1709A1127D33325002D21AE /* Resources */,
			);
			buildRules = (
			);
			dependencies = (
				A1709A1527D33325002D21AE /* PBXTargetDependency */,
			);
			name = PlanRaderTaskUITests;
			productName = PlanRaderTaskUITests;
			productReference = A1709A1327D33325002D21AE /* PlanRaderTaskUITests.xctest */;
			productType = "com.apple.product-type.bundle.ui-testing";
		};
/* End PBXNativeTarget section */

/* Begin PBXProject section */
		A17099E827D33320002D21AE /* Project object */ = {
			isa = PBXProject;
			attributes = {
				BuildIndependentTargetsInParallel = 1;
				LastSwiftUpdateCheck = 1320;
				LastUpgradeCheck = 1320;
				TargetAttributes = {
					A17099EF27D33320002D21AE = {
						CreatedOnToolsVersion = 13.2.1;
					};
					A1709A0827D33325002D21AE = {
						CreatedOnToolsVersion = 13.2.1;
						TestTargetID = A17099EF27D33320002D21AE;
					};
					A1709A1227D33325002D21AE = {
						CreatedOnToolsVersion = 13.2.1;
						TestTargetID = A17099EF27D33320002D21AE;
					};
				};
			};
			buildConfigurationList = A17099EB27D33320002D21AE /* Build configuration list for PBXProject "PlanRaderTask" */;
			compatibilityVersion = "Xcode 13.0";
			developmentRegion = en;
			hasScannedForEncodings = 0;
			knownRegions = (
				en,
				Base,
			);
			mainGroup = A17099E727D33320002D21AE;
			productRefGroup = A17099F127D33320002D21AE /* Products */;
			projectDirPath = "";
			projectRoot = "";
			targets = (
				A17099EF27D33320002D21AE /* PlanRaderTask */,
				A1709A0827D33325002D21AE /* PlanRaderTaskTests */,
				A1709A1227D33325002D21AE /* PlanRaderTaskUITests */,
			);
		};
/* End PBXProject section */

/* Begin PBXResourcesBuildPhase section */
		A17099EE27D33320002D21AE /* Resources */ = {
			isa = PBXResourcesBuildPhase;
			buildActionMask = 2147483647;
			files = (
				A1709A2E27D33514002D21AE /* Colors.xcassets in Resources */,
				A1709A0327D33324002D21AE /* LaunchScreen.storyboard in Resources */,
				A1709A0027D33324002D21AE /* Assets.xcassets in Resources */,
				A1709AAE27D33ED2002D21AE /* Splash.storyboard in Resources */,
				A1709A2A27D33410002D21AE /* CityCell.xib in Resources */,
				A1709A8C27D3399F002D21AE /* Bahij_TheSansArabic-SemiBold.ttf in Resources */,
				A1709AA627D33E50002D21AE /* WeatherTableViewController.xib in Resources */,
				A1709A8F27D3399F002D21AE /* Bahij_TheSansArabic-Bold.ttf in Resources */,
			);
			runOnlyForDeploymentPostprocessing = 0;
		};
		A1709A0727D33325002D21AE /* Resources */ = {
			isa = PBXResourcesBuildPhase;
			buildActionMask = 2147483647;
			files = (
				A1709A8D27D3399F002D21AE /* Bahij_TheSansArabic-SemiBold.ttf in Resources */,
				A1709A9027D3399F002D21AE /* Bahij_TheSansArabic-Bold.ttf in Resources */,
				A1709AA727D33E50002D21AE /* WeatherTableViewController.xib in Resources */,
				A1709AAF27D33ED2002D21AE /* Splash.storyboard in Resources */,
			);
			runOnlyForDeploymentPostprocessing = 0;
		};
		A1709A1127D33325002D21AE /* Resources */ = {
			isa = PBXResourcesBuildPhase;
			buildActionMask = 2147483647;
			files = (
				A1709A8E27D3399F002D21AE /* Bahij_TheSansArabic-SemiBold.ttf in Resources */,
				A1709A9127D3399F002D21AE /* Bahij_TheSansArabic-Bold.ttf in Resources */,
				A1709AA827D33E50002D21AE /* WeatherTableViewController.xib in Resources */,
				A1709AB027D33ED2002D21AE /* Splash.storyboard in Resources */,
			);
			runOnlyForDeploymentPostprocessing = 0;
		};
/* End PBXResourcesBuildPhase section */

/* Begin PBXSourcesBuildPhase section */
		A17099EC27D33320002D21AE /* Sources */ = {
			isa = PBXSourcesBuildPhase;
			buildActionMask = 2147483647;
			files = (
				A1709A7727D3392F002D21AE /* AnimationDuration.swift in Sources */,
				A1709A8327D3392F002D21AE /* CustomFontDescriptor.swift in Sources */,
				A1709A9727D33B97002D21AE /* CustomLabel.swift in Sources */,
				A1709AA327D33E50002D21AE /* WeatherTableViewController.swift in Sources */,
				A17099F427D33320002D21AE /* AppDelegate.swift in Sources */,
				A1709A2927D33410002D21AE /* CityCell.swift in Sources */,
				A1709A8027D3392F002D21AE /* Typography.swift in Sources */,
				A17099FE27D33320002D21AE /* PlanRaderTask.xcdatamodeld in Sources */,
				A1709A6E27D3392F002D21AE /* AnimationTiming.swift in Sources */,
				A1709A7D27D3392F002D21AE /* Colors.swift in Sources */,
				A17099F627D33320002D21AE /* SceneDelegate.swift in Sources */,
				A1709A7127D3392F002D21AE /* Animation.swift in Sources */,
				A1709A9E27D33D7E002D21AE /* UILabels.swift in Sources */,
				A1709A8627D3392F002D21AE /* Font.swift in Sources */,
				A1709A7A27D3392F002D21AE /* DesignSystem.swift in Sources */,
				A1709AAA27D33EBB002D21AE /* SplashViewController.swift in Sources */,
			);
			runOnlyForDeploymentPostprocessing = 0;
		};
		A1709A0527D33325002D21AE /* Sources */ = {
			isa = PBXSourcesBuildPhase;
			buildActionMask = 2147483647;
			files = (
				A1709A7E27D3392F002D21AE /* Colors.swift in Sources */,
				A1709A8727D3392F002D21AE /* Font.swift in Sources */,
				A1709A8427D3392F002D21AE /* CustomFontDescriptor.swift in Sources */,
				A1709A6F27D3392F002D21AE /* AnimationTiming.swift in Sources */,
				A1709AA427D33E50002D21AE /* WeatherTableViewController.swift in Sources */,
				A1709A9F27D33D7E002D21AE /* UILabels.swift in Sources */,
				A1709AAB27D33EBB002D21AE /* SplashViewController.swift in Sources */,
				A1709A7B27D3392F002D21AE /* DesignSystem.swift in Sources */,
				A1709A9827D33B97002D21AE /* CustomLabel.swift in Sources */,
				A1709A8127D3392F002D21AE /* Typography.swift in Sources */,
				A1709A7827D3392F002D21AE /* AnimationDuration.swift in Sources */,
				A1709A0E27D33325002D21AE /* PlanRaderTaskTests.swift in Sources */,
				A1709A7227D3392F002D21AE /* Animation.swift in Sources */,
			);
			runOnlyForDeploymentPostprocessing = 0;
		};
		A1709A0F27D33325002D21AE /* Sources */ = {
			isa = PBXSourcesBuildPhase;
			buildActionMask = 2147483647;
			files = (
				A1709A1827D33325002D21AE /* PlanRaderTaskUITests.swift in Sources */,
				A1709A1A27D33325002D21AE /* PlanRaderTaskUITestsLaunchTests.swift in Sources */,
				A1709A8227D3392F002D21AE /* Typography.swift in Sources */,
				A1709A8827D3392F002D21AE /* Font.swift in Sources */,
				A1709A7F27D3392F002D21AE /* Colors.swift in Sources */,
				A1709AAC27D33EBB002D21AE /* SplashViewController.swift in Sources */,
				A1709A7C27D3392F002D21AE /* DesignSystem.swift in Sources */,
				A1709AA027D33D7E002D21AE /* UILabels.swift in Sources */,
				A1709A9927D33B97002D21AE /* CustomLabel.swift in Sources */,
				A1709A7027D3392F002D21AE /* AnimationTiming.swift in Sources */,
				A1709A7327D3392F002D21AE /* Animation.swift in Sources */,
				A1709A7927D3392F002D21AE /* AnimationDuration.swift in Sources */,
				A1709A8527D3392F002D21AE /* CustomFontDescriptor.swift in Sources */,
				A1709AA527D33E50002D21AE /* WeatherTableViewController.swift in Sources */,
			);
			runOnlyForDeploymentPostprocessing = 0;
		};
/* End PBXSourcesBuildPhase section */

/* Begin PBXTargetDependency section */
		A1709A0B27D33325002D21AE /* PBXTargetDependency */ = {
			isa = PBXTargetDependency;
			target = A17099EF27D33320002D21AE /* PlanRaderTask */;
			targetProxy = A1709A0A27D33325002D21AE /* PBXContainerItemProxy */;
		};
		A1709A1527D33325002D21AE /* PBXTargetDependency */ = {
			isa = PBXTargetDependency;
			target = A17099EF27D33320002D21AE /* PlanRaderTask */;
			targetProxy = A1709A1427D33325002D21AE /* PBXContainerItemProxy */;
		};
/* End PBXTargetDependency section */

/* Begin PBXVariantGroup section */
		A1709A0127D33324002D21AE /* LaunchScreen.storyboard */ = {
			isa = PBXVariantGroup;
			children = (
				A1709A0227D33324002D21AE /* Base */,
			);
			name = LaunchScreen.storyboard;
			sourceTree = "<group>";
		};
/* End PBXVariantGroup section */

/* Begin XCBuildConfiguration section */
		A1709A1B27D33325002D21AE /* Debug */ = {
			isa = XCBuildConfiguration;
			buildSettings = {
				ALWAYS_SEARCH_USER_PATHS = NO;
				CLANG_ANALYZER_NONNULL = YES;
				CLANG_ANALYZER_NUMBER_OBJECT_CONVERSION = YES_AGGRESSIVE;
				CLANG_CXX_LANGUAGE_STANDARD = "gnu++17";
				CLANG_CXX_LIBRARY = "libc++";
				CLANG_ENABLE_MODULES = YES;
				CLANG_ENABLE_OBJC_ARC = YES;
				CLANG_ENABLE_OBJC_WEAK = YES;
				CLANG_WARN_BLOCK_CAPTURE_AUTORELEASING = YES;
				CLANG_WARN_BOOL_CONVERSION = YES;
				CLANG_WARN_COMMA = YES;
				CLANG_WARN_CONSTANT_CONVERSION = YES;
				CLANG_WARN_DEPRECATED_OBJC_IMPLEMENTATIONS = YES;
				CLANG_WARN_DIRECT_OBJC_ISA_USAGE = YES_ERROR;
				CLANG_WARN_DOCUMENTATION_COMMENTS = YES;
				CLANG_WARN_EMPTY_BODY = YES;
				CLANG_WARN_ENUM_CONVERSION = YES;
				CLANG_WARN_INFINITE_RECURSION = YES;
				CLANG_WARN_INT_CONVERSION = YES;
				CLANG_WARN_NON_LITERAL_NULL_CONVERSION = YES;
				CLANG_WARN_OBJC_IMPLICIT_RETAIN_SELF = YES;
				CLANG_WARN_OBJC_LITERAL_CONVERSION = YES;
				CLANG_WARN_OBJC_ROOT_CLASS = YES_ERROR;
				CLANG_WARN_QUOTED_INCLUDE_IN_FRAMEWORK_HEADER = YES;
				CLANG_WARN_RANGE_LOOP_ANALYSIS = YES;
				CLANG_WARN_STRICT_PROTOTYPES = YES;
				CLANG_WARN_SUSPICIOUS_MOVE = YES;
				CLANG_WARN_UNGUARDED_AVAILABILITY = YES_AGGRESSIVE;
				CLANG_WARN_UNREACHABLE_CODE = YES;
				CLANG_WARN__DUPLICATE_METHOD_MATCH = YES;
				COPY_PHASE_STRIP = NO;
				DEBUG_INFORMATION_FORMAT = dwarf;
				ENABLE_STRICT_OBJC_MSGSEND = YES;
				ENABLE_TESTABILITY = YES;
				GCC_C_LANGUAGE_STANDARD = gnu11;
				GCC_DYNAMIC_NO_PIC = NO;
				GCC_NO_COMMON_BLOCKS = YES;
				GCC_OPTIMIZATION_LEVEL = 0;
				GCC_PREPROCESSOR_DEFINITIONS = (
					"DEBUG=1",
					"$(inherited)",
				);
				GCC_WARN_64_TO_32_BIT_CONVERSION = YES;
				GCC_WARN_ABOUT_RETURN_TYPE = YES_ERROR;
				GCC_WARN_UNDECLARED_SELECTOR = YES;
				GCC_WARN_UNINITIALIZED_AUTOS = YES_AGGRESSIVE;
				GCC_WARN_UNUSED_FUNCTION = YES;
				GCC_WARN_UNUSED_VARIABLE = YES;
				IPHONEOS_DEPLOYMENT_TARGET = 15.2;
				MTL_ENABLE_DEBUG_INFO = INCLUDE_SOURCE;
				MTL_FAST_MATH = YES;
				ONLY_ACTIVE_ARCH = YES;
				SDKROOT = iphoneos;
				SWIFT_ACTIVE_COMPILATION_CONDITIONS = DEBUG;
				SWIFT_OPTIMIZATION_LEVEL = "-Onone";
			};
			name = Debug;
		};
		A1709A1C27D33325002D21AE /* Release */ = {
			isa = XCBuildConfiguration;
			buildSettings = {
				ALWAYS_SEARCH_USER_PATHS = NO;
				CLANG_ANALYZER_NONNULL = YES;
				CLANG_ANALYZER_NUMBER_OBJECT_CONVERSION = YES_AGGRESSIVE;
				CLANG_CXX_LANGUAGE_STANDARD = "gnu++17";
				CLANG_CXX_LIBRARY = "libc++";
				CLANG_ENABLE_MODULES = YES;
				CLANG_ENABLE_OBJC_ARC = YES;
				CLANG_ENABLE_OBJC_WEAK = YES;
				CLANG_WARN_BLOCK_CAPTURE_AUTORELEASING = YES;
				CLANG_WARN_BOOL_CONVERSION = YES;
				CLANG_WARN_COMMA = YES;
				CLANG_WARN_CONSTANT_CONVERSION = YES;
				CLANG_WARN_DEPRECATED_OBJC_IMPLEMENTATIONS = YES;
				CLANG_WARN_DIRECT_OBJC_ISA_USAGE = YES_ERROR;
				CLANG_WARN_DOCUMENTATION_COMMENTS = YES;
				CLANG_WARN_EMPTY_BODY = YES;
				CLANG_WARN_ENUM_CONVERSION = YES;
				CLANG_WARN_INFINITE_RECURSION = YES;
				CLANG_WARN_INT_CONVERSION = YES;
				CLANG_WARN_NON_LITERAL_NULL_CONVERSION = YES;
				CLANG_WARN_OBJC_IMPLICIT_RETAIN_SELF = YES;
				CLANG_WARN_OBJC_LITERAL_CONVERSION = YES;
				CLANG_WARN_OBJC_ROOT_CLASS = YES_ERROR;
				CLANG_WARN_QUOTED_INCLUDE_IN_FRAMEWORK_HEADER = YES;
				CLANG_WARN_RANGE_LOOP_ANALYSIS = YES;
				CLANG_WARN_STRICT_PROTOTYPES = YES;
				CLANG_WARN_SUSPICIOUS_MOVE = YES;
				CLANG_WARN_UNGUARDED_AVAILABILITY = YES_AGGRESSIVE;
				CLANG_WARN_UNREACHABLE_CODE = YES;
				CLANG_WARN__DUPLICATE_METHOD_MATCH = YES;
				COPY_PHASE_STRIP = NO;
				DEBUG_INFORMATION_FORMAT = "dwarf-with-dsym";
				ENABLE_NS_ASSERTIONS = NO;
				ENABLE_STRICT_OBJC_MSGSEND = YES;
				GCC_C_LANGUAGE_STANDARD = gnu11;
				GCC_NO_COMMON_BLOCKS = YES;
				GCC_WARN_64_TO_32_BIT_CONVERSION = YES;
				GCC_WARN_ABOUT_RETURN_TYPE = YES_ERROR;
				GCC_WARN_UNDECLARED_SELECTOR = YES;
				GCC_WARN_UNINITIALIZED_AUTOS = YES_AGGRESSIVE;
				GCC_WARN_UNUSED_FUNCTION = YES;
				GCC_WARN_UNUSED_VARIABLE = YES;
				IPHONEOS_DEPLOYMENT_TARGET = 15.2;
				MTL_ENABLE_DEBUG_INFO = NO;
				MTL_FAST_MATH = YES;
				SDKROOT = iphoneos;
				SWIFT_COMPILATION_MODE = wholemodule;
				SWIFT_OPTIMIZATION_LEVEL = "-O";
				VALIDATE_PRODUCT = YES;
			};
			name = Release;
		};
		A1709A1E27D33325002D21AE /* Debug */ = {
			isa = XCBuildConfiguration;
			buildSettings = {
				ASSETCATALOG_COMPILER_APPICON_NAME = AppIcon;
				ASSETCATALOG_COMPILER_GLOBAL_ACCENT_COLOR_NAME = AccentColor;
				CODE_SIGN_STYLE = Automatic;
				CURRENT_PROJECT_VERSION = 1;
				DEVELOPMENT_TEAM = 29VQ77K8VU;
				GENERATE_INFOPLIST_FILE = YES;
				INFOPLIST_FILE = PlanRaderTask/Info.plist;
				INFOPLIST_KEY_UIApplicationSupportsIndirectInputEvents = YES;
				INFOPLIST_KEY_UILaunchStoryboardName = LaunchScreen;
				INFOPLIST_KEY_UIMainStoryboardFile = Main;
				INFOPLIST_KEY_UISupportedInterfaceOrientations_iPad = "UIInterfaceOrientationPortrait UIInterfaceOrientationPortraitUpsideDown UIInterfaceOrientationLandscapeLeft UIInterfaceOrientationLandscapeRight";
				INFOPLIST_KEY_UISupportedInterfaceOrientations_iPhone = "UIInterfaceOrientationPortrait UIInterfaceOrientationLandscapeLeft UIInterfaceOrientationLandscapeRight";
				LD_RUNPATH_SEARCH_PATHS = (
					"$(inherited)",
					"@executable_path/Frameworks",
				);
				MARKETING_VERSION = 1.0;
				PRODUCT_BUNDLE_IDENTIFIER = com.mhamdino95.PlanRaderTask.PlanRaderTask;
				PRODUCT_NAME = "$(TARGET_NAME)";
				SWIFT_EMIT_LOC_STRINGS = YES;
				SWIFT_VERSION = 5.0;
				TARGETED_DEVICE_FAMILY = "1,2";
			};
			name = Debug;
		};
		A1709A1F27D33325002D21AE /* Release */ = {
			isa = XCBuildConfiguration;
			buildSettings = {
				ASSETCATALOG_COMPILER_APPICON_NAME = AppIcon;
				ASSETCATALOG_COMPILER_GLOBAL_ACCENT_COLOR_NAME = AccentColor;
				CODE_SIGN_STYLE = Automatic;
				CURRENT_PROJECT_VERSION = 1;
				DEVELOPMENT_TEAM = 29VQ77K8VU;
				GENERATE_INFOPLIST_FILE = YES;
				INFOPLIST_FILE = PlanRaderTask/Info.plist;
				INFOPLIST_KEY_UIApplicationSupportsIndirectInputEvents = YES;
				INFOPLIST_KEY_UILaunchStoryboardName = LaunchScreen;
				INFOPLIST_KEY_UIMainStoryboardFile = Main;
				INFOPLIST_KEY_UISupportedInterfaceOrientations_iPad = "UIInterfaceOrientationPortrait UIInterfaceOrientationPortraitUpsideDown UIInterfaceOrientationLandscapeLeft UIInterfaceOrientationLandscapeRight";
				INFOPLIST_KEY_UISupportedInterfaceOrientations_iPhone = "UIInterfaceOrientationPortrait UIInterfaceOrientationLandscapeLeft UIInterfaceOrientationLandscapeRight";
				LD_RUNPATH_SEARCH_PATHS = (
					"$(inherited)",
					"@executable_path/Frameworks",
				);
				MARKETING_VERSION = 1.0;
				PRODUCT_BUNDLE_IDENTIFIER = com.mhamdino95.PlanRaderTask.PlanRaderTask;
				PRODUCT_NAME = "$(TARGET_NAME)";
				SWIFT_EMIT_LOC_STRINGS = YES;
				SWIFT_VERSION = 5.0;
				TARGETED_DEVICE_FAMILY = "1,2";
			};
			name = Release;
		};
		A1709A2127D33325002D21AE /* Debug */ = {
			isa = XCBuildConfiguration;
			buildSettings = {
				ALWAYS_EMBED_SWIFT_STANDARD_LIBRARIES = YES;
				BUNDLE_LOADER = "$(TEST_HOST)";
				CODE_SIGN_STYLE = Automatic;
				CURRENT_PROJECT_VERSION = 1;
				DEVELOPMENT_TEAM = 29VQ77K8VU;
				GENERATE_INFOPLIST_FILE = YES;
				IPHONEOS_DEPLOYMENT_TARGET = 15.2;
				MARKETING_VERSION = 1.0;
				PRODUCT_BUNDLE_IDENTIFIER = com.mhamdino95.PlanRaderTask.PlanRaderTaskTests;
				PRODUCT_NAME = "$(TARGET_NAME)";
				SWIFT_EMIT_LOC_STRINGS = NO;
				SWIFT_VERSION = 5.0;
				TARGETED_DEVICE_FAMILY = "1,2";
				TEST_HOST = "$(BUILT_PRODUCTS_DIR)/PlanRaderTask.app/PlanRaderTask";
			};
			name = Debug;
		};
		A1709A2227D33325002D21AE /* Release */ = {
			isa = XCBuildConfiguration;
			buildSettings = {
				ALWAYS_EMBED_SWIFT_STANDARD_LIBRARIES = YES;
				BUNDLE_LOADER = "$(TEST_HOST)";
				CODE_SIGN_STYLE = Automatic;
				CURRENT_PROJECT_VERSION = 1;
				DEVELOPMENT_TEAM = 29VQ77K8VU;
				GENERATE_INFOPLIST_FILE = YES;
				IPHONEOS_DEPLOYMENT_TARGET = 15.2;
				MARKETING_VERSION = 1.0;
				PRODUCT_BUNDLE_IDENTIFIER = com.mhamdino95.PlanRaderTask.PlanRaderTaskTests;
				PRODUCT_NAME = "$(TARGET_NAME)";
				SWIFT_EMIT_LOC_STRINGS = NO;
				SWIFT_VERSION = 5.0;
				TARGETED_DEVICE_FAMILY = "1,2";
				TEST_HOST = "$(BUILT_PRODUCTS_DIR)/PlanRaderTask.app/PlanRaderTask";
			};
			name = Release;
		};
		A1709A2427D33325002D21AE /* Debug */ = {
			isa = XCBuildConfiguration;
			buildSettings = {
				ALWAYS_EMBED_SWIFT_STANDARD_LIBRARIES = YES;
				CODE_SIGN_STYLE = Automatic;
				CURRENT_PROJECT_VERSION = 1;
				DEVELOPMENT_TEAM = 29VQ77K8VU;
				GENERATE_INFOPLIST_FILE = YES;
				MARKETING_VERSION = 1.0;
				PRODUCT_BUNDLE_IDENTIFIER = com.mhamdino95.PlanRaderTask.PlanRaderTaskUITests;
				PRODUCT_NAME = "$(TARGET_NAME)";
				SWIFT_EMIT_LOC_STRINGS = NO;
				SWIFT_VERSION = 5.0;
				TARGETED_DEVICE_FAMILY = "1,2";
				TEST_TARGET_NAME = PlanRaderTask;
			};
			name = Debug;
		};
		A1709A2527D33325002D21AE /* Release */ = {
			isa = XCBuildConfiguration;
			buildSettings = {
				ALWAYS_EMBED_SWIFT_STANDARD_LIBRARIES = YES;
				CODE_SIGN_STYLE = Automatic;
				CURRENT_PROJECT_VERSION = 1;
				DEVELOPMENT_TEAM = 29VQ77K8VU;
				GENERATE_INFOPLIST_FILE = YES;
				MARKETING_VERSION = 1.0;
				PRODUCT_BUNDLE_IDENTIFIER = com.mhamdino95.PlanRaderTask.PlanRaderTaskUITests;
				PRODUCT_NAME = "$(TARGET_NAME)";
				SWIFT_EMIT_LOC_STRINGS = NO;
				SWIFT_VERSION = 5.0;
				TARGETED_DEVICE_FAMILY = "1,2";
				TEST_TARGET_NAME = PlanRaderTask;
			};
			name = Release;
		};
/* End XCBuildConfiguration section */

/* Begin XCConfigurationList section */
		A17099EB27D33320002D21AE /* Build configuration list for PBXProject "PlanRaderTask" */ = {
			isa = XCConfigurationList;
			buildConfigurations = (
				A1709A1B27D33325002D21AE /* Debug */,
				A1709A1C27D33325002D21AE /* Release */,
			);
			defaultConfigurationIsVisible = 0;
			defaultConfigurationName = Release;
		};
		A1709A1D27D33325002D21AE /* Build configuration list for PBXNativeTarget "PlanRaderTask" */ = {
			isa = XCConfigurationList;
			buildConfigurations = (
				A1709A1E27D33325002D21AE /* Debug */,
				A1709A1F27D33325002D21AE /* Release */,
			);
			defaultConfigurationIsVisible = 0;
			defaultConfigurationName = Release;
		};
		A1709A2027D33325002D21AE /* Build configuration list for PBXNativeTarget "PlanRaderTaskTests" */ = {
			isa = XCConfigurationList;
			buildConfigurations = (
				A1709A2127D33325002D21AE /* Debug */,
				A1709A2227D33325002D21AE /* Release */,
			);
			defaultConfigurationIsVisible = 0;
			defaultConfigurationName = Release;
		};
		A1709A2327D33325002D21AE /* Build configuration list for PBXNativeTarget "PlanRaderTaskUITests" */ = {
			isa = XCConfigurationList;
			buildConfigurations = (
				A1709A2427D33325002D21AE /* Debug */,
				A1709A2527D33325002D21AE /* Release */,
			);
			defaultConfigurationIsVisible = 0;
			defaultConfigurationName = Release;
		};
/* End XCConfigurationList section */

/* Begin XCVersionGroup section */
		A17099FC27D33320002D21AE /* PlanRaderTask.xcdatamodeld */ = {
			isa = XCVersionGroup;
			children = (
				A17099FD27D33320002D21AE /* PlanRaderTask.xcdatamodel */,
			);
			currentVersion = A17099FD27D33320002D21AE /* PlanRaderTask.xcdatamodel */;
			path = PlanRaderTask.xcdatamodeld;
			sourceTree = "<group>";
			versionGroupType = wrapper.xcdatamodel;
		};
/* End XCVersionGroup section */
	};
	rootObject = A17099E827D33320002D21AE /* Project object */;
}
