// !$*UTF8*$!
{
	archiveVersion = 1;
	classes = {
	};
	objectVersion = 55;
	objects = {

/* Begin PBXBuildFile section */
		A17099F427D33320002D21AE /* AppDelegate.swift in Sources */ = {isa = PBXBuildFile; fileRef = A17099F327D33320002D21AE /* AppDelegate.swift */; };
		A17099F627D33320002D21AE /* SceneDelegate.swift in Sources */ = {isa = PBXBuildFile; fileRef = A17099F527D33320002D21AE /* SceneDelegate.swift */; };
		A17099F827D33320002D21AE /* ViewController.swift in Sources */ = {isa = PBXBuildFile; fileRef = A17099F727D33320002D21AE /* ViewController.swift */; };
		A17099FB27D33320002D21AE /* Main.storyboard in Resources */ = {isa = PBXBuildFile; fileRef = A17099F927D33320002D21AE /* Main.storyboard */; };
		A17099FE27D33320002D21AE /* PlanRaderTask.xcdatamodeld in Sources */ = {isa = PBXBuildFile; fileRef = A17099FC27D33320002D21AE /* PlanRaderTask.xcdatamodeld */; };
		A1709A0027D33324002D21AE /* Assets.xcassets in Resources */ = {isa = PBXBuildFile; fileRef = A17099FF27D33324002D21AE /* Assets.xcassets */; };
		A1709A0327D33324002D21AE /* LaunchScreen.storyboard in Resources */ = {isa = PBXBuildFile; fileRef = A1709A0127D33324002D21AE /* LaunchScreen.storyboard */; };
		A1709A0E27D33325002D21AE /* PlanRaderTaskTests.swift in Sources */ = {isa = PBXBuildFile; fileRef = A1709A0D27D33325002D21AE /* PlanRaderTaskTests.swift */; };
		A1709A1827D33325002D21AE /* PlanRaderTaskUITests.swift in Sources */ = {isa = PBXBuildFile; fileRef = A1709A1727D33325002D21AE /* PlanRaderTaskUITests.swift */; };
		A1709A1A27D33325002D21AE /* PlanRaderTaskUITestsLaunchTests.swift in Sources */ = {isa = PBXBuildFile; fileRef = A1709A1927D33325002D21AE /* PlanRaderTaskUITestsLaunchTests.swift */; };
/* End PBXBuildFile section */

/* Begin PBXContainerItemProxy section */
		A1709A0A27D33325002D21AE /* PBXContainerItemProxy */ = {
			isa = PBXContainerItemProxy;
			containerPortal = A17099E827D33320002D21AE /* Project object */;
			proxyType = 1;
			remoteGlobalIDString = A17099EF27D33320002D21AE;
			remoteInfo = PlanRaderTask;
		};
		A1709A1427D33325002D21AE /* PBXContainerItemProxy */ = {
			isa = PBXContainerItemProxy;
			containerPortal = A17099E827D33320002D21AE /* Project object */;
			proxyType = 1;
			remoteGlobalIDString = A17099EF27D33320002D21AE;
			remoteInfo = PlanRaderTask;
		};
/* End PBXContainerItemProxy section */

/* Begin PBXFileReference section */
		A17099F027D33320002D21AE /* PlanRaderTask.app */ = {isa = PBXFileReference; explicitFileType = wrapper.application; includeInIndex = 0; path = PlanRaderTask.app; sourceTree = BUILT_PRODUCTS_DIR; };
		A17099F327D33320002D21AE /* AppDelegate.swift */ = {isa = PBXFileReference; lastKnownFileType = sourcecode.swift; path = AppDelegate.swift; sourceTree = "<group>"; };
		A17099F527D33320002D21AE /* SceneDelegate.swift */ = {isa = PBXFileReference; lastKnownFileType = sourcecode.swift; path = SceneDelegate.swift; sourceTree = "<group>"; };
		A17099F727D33320002D21AE /* ViewController.swift */ = {isa = PBXFileReference; lastKnownFileType = sourcecode.swift; path = ViewController.swift; sourceTree = "<group>"; };
		A17099FA27D33320002D21AE /* Base */ = {isa = PBXFileReference; lastKnownFileType = file.storyboard; name = Base; path = Base.lproj/Main.storyboard; sourceTree = "<group>"; };
		A17099FD27D33320002D21AE /* PlanRaderTask.xcdatamodel */ = {isa = PBXFileReference; lastKnownFileType = wrapper.xcdatamodel; path = PlanRaderTask.xcdatamodel; sourceTree = "<group>"; };
		A17099FF27D33324002D21AE /* Assets.xcassets */ = {isa = PBXFileReference; lastKnownFileType = folder.assetcatalog; path = Assets.xcassets; sourceTree = "<group>"; };
		A1709A0227D33324002D21AE /* Base */ = {isa = PBXFileReference; lastKnownFileType = file.storyboard; name = Base; path = Base.lproj/LaunchScreen.storyboard; sourceTree = "<group>"; };
		A1709A0427D33324002D21AE /* Info.plist */ = {isa = PBXFileReference; lastKnownFileType = text.plist.xml; path = Info.plist; sourceTree = "<group>"; };
		A1709A0927D33325002D21AE /* PlanRaderTaskTests.xctest */ = {isa = PBXFileReference; explicitFileType = wrapper.cfbundle; includeInIndex = 0; path = PlanRaderTaskTests.xctest; sourceTree = BUILT_PRODUCTS_DIR; };
		A1709A0D27D33325002D21AE /* PlanRaderTaskTests.swift */ = {isa = PBXFileReference; lastKnownFileType = sourcecode.swift; path = PlanRaderTaskTests.swift; sourceTree = "<group>"; };
		A1709A1327D33325002D21AE /* PlanRaderTaskUITests.xctest */ = {isa = PBXFileReference; explicitFileType = wrapper.cfbundle; includeInIndex = 0; path = PlanRaderTaskUITests.xctest; sourceTree = BUILT_PRODUCTS_DIR; };
		A1709A1727D33325002D21AE /* PlanRaderTaskUITests.swift */ = {isa = PBXFileReference; lastKnownFileType = sourcecode.swift; path = PlanRaderTaskUITests.swift; sourceTree = "<group>"; };
		A1709A1927D33325002D21AE /* PlanRaderTaskUITestsLaunchTests.swift */ = {isa = PBXFileReference; lastKnownFileType = sourcecode.swift; path = PlanRaderTaskUITestsLaunchTests.swift; sourceTree = "<group>"; };
/* End PBXFileReference section */

/* Begin PBXFrameworksBuildPhase section */
		A17099ED27D33320002D21AE /* Frameworks */ = {
			isa = PBXFrameworksBuildPhase;
			buildActionMask = 2147483647;
			files = (
			);
			runOnlyForDeploymentPostprocessing = 0;
		};
		A1709A0627D33325002D21AE /* Frameworks */ = {
			isa = PBXFrameworksBuildPhase;
			buildActionMask = 2147483647;
			files = (
			);
			runOnlyForDeploymentPostprocessing = 0;
		};
		A1709A1027D33325002D21AE /* Frameworks */ = {
			isa = PBXFrameworksBuildPhase;
			buildActionMask = 2147483647;
			files = (
			);
			runOnlyForDeploymentPostprocessing = 0;
		};
/* End PBXFrameworksBuildPhase section */

/* Begin PBXGroup section */
		A17099E727D33320002D21AE = {
			isa = PBXGroup;
			children = (
				A17099F227D33320002D21AE /* PlanRaderTask */,
				A1709A0C27D33325002D21AE /* PlanRaderTaskTests */,
				A1709A1627D33325002D21AE /* PlanRaderTaskUITests */,
				A17099F127D33320002D21AE /* Products */,
			);
			sourceTree = "<group>";
		};
		A17099F127D33320002D21AE /* Products */ = {
			isa = PBXGroup;
			children = (
				A17099F027D33320002D21AE /* PlanRaderTask.app */,
				A1709A0927D33325002D21AE /* PlanRaderTaskTests.xctest */,
				A1709A1327D33325002D21AE /* PlanRaderTaskUITests.xctest */,
			);
			name = Products;
			sourceTree = "<group>";
		};
		A17099F227D33320002D21AE /* PlanRaderTask */ = {
			isa = PBXGroup;
			children = (
				A17099F327D33320002D21AE /* AppDelegate.swift */,
				A17099F527D33320002D21AE /* SceneDelegate.swift */,
				A17099F727D33320002D21AE /* ViewController.swift */,
				A17099F927D33320002D21AE /* Main.storyboard */,
				A17099FF27D33324002D21AE /* Assets.xcassets */,
				A1709A0127D33324002D21AE /* LaunchScreen.storyboard */,
				A1709A0427D33324002D21AE /* Info.plist */,
				A17099FC27D33320002D21AE /* PlanRaderTask.xcdatamodeld */,
			);
			path = PlanRaderTask;
			sourceTree = "<group>";
		};
		A1709A0C27D33325002D21AE /* PlanRaderTaskTests */ = {
			isa = PBXGroup;
			children = (
				A1709A0D27D33325002D21AE /* PlanRaderTaskTests.swift */,
			);
			path = PlanRaderTaskTests;
			sourceTree = "<group>";
		};
		A1709A1627D33325002D21AE /* PlanRaderTaskUITests */ = {
			isa = PBXGroup;
			children = (
				A1709A1727D33325002D21AE /* PlanRaderTaskUITests.swift */,
				A1709A1927D33325002D21AE /* PlanRaderTaskUITestsLaunchTests.swift */,
			);
			path = PlanRaderTaskUITests;
			sourceTree = "<group>";
		};
/* End PBXGroup section */

/* Begin PBXNativeTarget section */
		A17099EF27D33320002D21AE /* PlanRaderTask */ = {
			isa = PBXNativeTarget;
			buildConfigurationList = A1709A1D27D33325002D21AE /* Build configuration list for PBXNativeTarget "PlanRaderTask" */;
			buildPhases = (
				A17099EC27D33320002D21AE /* Sources */,
				A17099ED27D33320002D21AE /* Frameworks */,
				A17099EE27D33320002D21AE /* Resources */,
			);
			buildRules = (
			);
			dependencies = (
			);
			name = PlanRaderTask;
			productName = PlanRaderTask;
			productReference = A17099F027D33320002D21AE /* PlanRaderTask.app */;
			productType = "com.apple.product-type.application";
		};
		A1709A0827D33325002D21AE /* PlanRaderTaskTests */ = {
			isa = PBXNativeTarget;
			buildConfigurationList = A1709A2027D33325002D21AE /* Build configuration list for PBXNativeTarget "PlanRaderTaskTests" */;
			buildPhases = (
				A1709A0527D33325002D21AE /* Sources */,
				A1709A0627D33325002D21AE /* Frameworks */,
				A1709A0727D33325002D21AE /* Resources */,
			);
			buildRules = (
			);
			dependencies = (
				A1709A0B27D33325002D21AE /* PBXTargetDependency */,
			);
			name = PlanRaderTaskTests;
			productName = PlanRaderTaskTests;
			productReference = A1709A0927D33325002D21AE /* PlanRaderTaskTests.xctest */;
			productType = "com.apple.product-type.bundle.unit-test";
		};
		A1709A1227D33325002D21AE /* PlanRaderTaskUITests */ = {
			isa = PBXNativeTarget;
			buildConfigurationList = A1709A2327D33325002D21AE /* Build configuration list for PBXNativeTarget "PlanRaderTaskUITests" */;
			buildPhases = (
				A1709A0F27D33325002D21AE /* Sources */,
				A1709A1027D33325002D21AE /* Frameworks */,
				A1709A1127D33325002D21AE /* Resources */,
			);
			buildRules = (
			);
			dependencies = (
				A1709A1527D33325002D21AE /* PBXTargetDependency */,
			);
			name = PlanRaderTaskUITests;
			productName = PlanRaderTaskUITests;
			productReference = A1709A1327D33325002D21AE /* PlanRaderTaskUITests.xctest */;
			productType = "com.apple.product-type.bundle.ui-testing";
		};
/* End PBXNativeTarget section */

/* Begin PBXProject section */
		A17099E827D33320002D21AE /* Project object */ = {
			isa = PBXProject;
			attributes = {
				BuildIndependentTargetsInParallel = 1;
				LastSwiftUpdateCheck = 1320;
				LastUpgradeCheck = 1320;
				TargetAttributes = {
					A17099EF27D33320002D21AE = {
						CreatedOnToolsVersion = 13.2.1;
					};
					A1709A0827D33325002D21AE = {
						CreatedOnToolsVersion = 13.2.1;
						TestTargetID = A17099EF27D33320002D21AE;
					};
					A1709A1227D33325002D21AE = {
						CreatedOnToolsVersion = 13.2.1;
						TestTargetID = A17099EF27D33320002D21AE;
					};
				};
			};
			buildConfigurationList = A17099EB27D33320002D21AE /* Build configuration list for PBXProject "PlanRaderTask" */;
			compatibilityVersion = "Xcode 13.0";
			developmentRegion = en;
			hasScannedForEncodings = 0;
			knownRegions = (
				en,
				Base,
			);
			mainGroup = A17099E727D33320002D21AE;
			productRefGroup = A17099F127D33320002D21AE /* Products */;
			projectDirPath = "";
			projectRoot = "";
			targets = (
				A17099EF27D33320002D21AE /* PlanRaderTask */,
				A1709A0827D33325002D21AE /* PlanRaderTaskTests */,
				A1709A1227D33325002D21AE /* PlanRaderTaskUITests */,
			);
		};
/* End PBXProject section */

/* Begin PBXResourcesBuildPhase section */
		A17099EE27D33320002D21AE /* Resources */ = {
			isa = PBXResourcesBuildPhase;
			buildActionMask = 2147483647;
			files = (
				A1709A0327D33324002D21AE /* LaunchScreen.storyboard in Resources */,
				A1709A0027D33324002D21AE /* Assets.xcassets in Resources */,
				A17099FB27D33320002D21AE /* Main.storyboard in Resources */,
			);
			runOnlyForDeploymentPostprocessing = 0;
		};
		A1709A0727D33325002D21AE /* Resources */ = {
			isa = PBXResourcesBuildPhase;
			buildActionMask = 2147483647;
			files = (
			);
			runOnlyForDeploymentPostprocessing = 0;
		};
		A1709A1127D33325002D21AE /* Resources */ = {
			isa = PBXResourcesBuildPhase;
			buildActionMask = 2147483647;
			files = (
			);
			runOnlyForDeploymentPostprocessing = 0;
		};
/* End PBXResourcesBuildPhase section */

/* Begin PBXSourcesBuildPhase section */
		A17099EC27D33320002D21AE /* Sources */ = {
			isa = PBXSourcesBuildPhase;
			buildActionMask = 2147483647;
			files = (
				A17099F827D33320002D21AE /* ViewController.swift in Sources */,
				A17099F427D33320002D21AE /* AppDelegate.swift in Sources */,
				A17099FE27D33320002D21AE /* PlanRaderTask.xcdatamodeld in Sources */,
				A17099F627D33320002D21AE /* SceneDelegate.swift in Sources */,
			);
			runOnlyForDeploymentPostprocessing = 0;
		};
		A1709A0527D33325002D21AE /* Sources */ = {
			isa = PBXSourcesBuildPhase;
			buildActionMask = 2147483647;
			files = (
				A1709A0E27D33325002D21AE /* PlanRaderTaskTests.swift in Sources */,
			);
			runOnlyForDeploymentPostprocessing = 0;
		};
		A1709A0F27D33325002D21AE /* Sources */ = {
			isa = PBXSourcesBuildPhase;
			buildActionMask = 2147483647;
			files = (
				A1709A1827D33325002D21AE /* PlanRaderTaskUITests.swift in Sources */,
				A1709A1A27D33325002D21AE /* PlanRaderTaskUITestsLaunchTests.swift in Sources */,
			);
			runOnlyForDeploymentPostprocessing = 0;
		};
/* End PBXSourcesBuildPhase section */

/* Begin PBXTargetDependency section */
		A1709A0B27D33325002D21AE /* PBXTargetDependency */ = {
			isa = PBXTargetDependency;
			target = A17099EF27D33320002D21AE /* PlanRaderTask */;
			targetProxy = A1709A0A27D33325002D21AE /* PBXContainerItemProxy */;
		};
		A1709A1527D33325002D21AE /* PBXTargetDependency */ = {
			isa = PBXTargetDependency;
			target = A17099EF27D33320002D21AE /* PlanRaderTask */;
			targetProxy = A1709A1427D33325002D21AE /* PBXContainerItemProxy */;
		};
/* End PBXTargetDependency section */

/* Begin PBXVariantGroup section */
		A17099F927D33320002D21AE /* Main.storyboard */ = {
			isa = PBXVariantGroup;
			children = (
				A17099FA27D33320002D21AE /* Base */,
			);
			name = Main.storyboard;
			sourceTree = "<group>";
		};
		A1709A0127D33324002D21AE /* LaunchScreen.storyboard */ = {
			isa = PBXVariantGroup;
			children = (
				A1709A0227D33324002D21AE /* Base */,
			);
			name = LaunchScreen.storyboard;
			sourceTree = "<group>";
		};
/* End PBXVariantGroup section */

/* Begin XCBuildConfiguration section */
		A1709A1B27D33325002D21AE /* Debug */ = {
			isa = XCBuildConfiguration;
			buildSettings = {
				ALWAYS_SEARCH_USER_PATHS = NO;
				CLANG_ANALYZER_NONNULL = YES;
				CLANG_ANALYZER_NUMBER_OBJECT_CONVERSION = YES_AGGRESSIVE;
				CLANG_CXX_LANGUAGE_STANDARD = "gnu++17";
				CLANG_CXX_LIBRARY = "libc++";
				CLANG_ENABLE_MODULES = YES;
				CLANG_ENABLE_OBJC_ARC = YES;
				CLANG_ENABLE_OBJC_WEAK = YES;
				CLANG_WARN_BLOCK_CAPTURE_AUTORELEASING = YES;
				CLANG_WARN_BOOL_CONVERSION = YES;
				CLANG_WARN_COMMA = YES;
				CLANG_WARN_CONSTANT_CONVERSION = YES;
				CLANG_WARN_DEPRECATED_OBJC_IMPLEMENTATIONS = YES;
				CLANG_WARN_DIRECT_OBJC_ISA_USAGE = YES_ERROR;
				CLANG_WARN_DOCUMENTATION_COMMENTS = YES;
				CLANG_WARN_EMPTY_BODY = YES;
				CLANG_WARN_ENUM_CONVERSION = YES;
				CLANG_WARN_INFINITE_RECURSION = YES;
				CLANG_WARN_INT_CONVERSION = YES;
				CLANG_WARN_NON_LITERAL_NULL_CONVERSION = YES;
				CLANG_WARN_OBJC_IMPLICIT_RETAIN_SELF = YES;
				CLANG_WARN_OBJC_LITERAL_CONVERSION = YES;
				CLANG_WARN_OBJC_ROOT_CLASS = YES_ERROR;
				CLANG_WARN_QUOTED_INCLUDE_IN_FRAMEWORK_HEADER = YES;
				CLANG_WARN_RANGE_LOOP_ANALYSIS = YES;
				CLANG_WARN_STRICT_PROTOTYPES = YES;
				CLANG_WARN_SUSPICIOUS_MOVE = YES;
				CLANG_WARN_UNGUARDED_AVAILABILITY = YES_AGGRESSIVE;
				CLANG_WARN_UNREACHABLE_CODE = YES;
				CLANG_WARN__DUPLICATE_METHOD_MATCH = YES;
				COPY_PHASE_STRIP = NO;
				DEBUG_INFORMATION_FORMAT = dwarf;
				ENABLE_STRICT_OBJC_MSGSEND = YES;
				ENABLE_TESTABILITY = YES;
				GCC_C_LANGUAGE_STANDARD = gnu11;
				GCC_DYNAMIC_NO_PIC = NO;
				GCC_NO_COMMON_BLOCKS = YES;
				GCC_OPTIMIZATION_LEVEL = 0;
				GCC_PREPROCESSOR_DEFINITIONS = (
					"DEBUG=1",
					"$(inherited)",
				);
				GCC_WARN_64_TO_32_BIT_CONVERSION = YES;
				GCC_WARN_ABOUT_RETURN_TYPE = YES_ERROR;
				GCC_WARN_UNDECLARED_SELECTOR = YES;
				GCC_WARN_UNINITIALIZED_AUTOS = YES_AGGRESSIVE;
				GCC_WARN_UNUSED_FUNCTION = YES;
				GCC_WARN_UNUSED_VARIABLE = YES;
				IPHONEOS_DEPLOYMENT_TARGET = 15.2;
				MTL_ENABLE_DEBUG_INFO = INCLUDE_SOURCE;
				MTL_FAST_MATH = YES;
				ONLY_ACTIVE_ARCH = YES;
				SDKROOT = iphoneos;
				SWIFT_ACTIVE_COMPILATION_CONDITIONS = DEBUG;
				SWIFT_OPTIMIZATION_LEVEL = "-Onone";
			};
			name = Debug;
		};
		A1709A1C27D33325002D21AE /* Release */ = {
			isa = XCBuildConfiguration;
			buildSettings = {
				ALWAYS_SEARCH_USER_PATHS = NO;
				CLANG_ANALYZER_NONNULL = YES;
				CLANG_ANALYZER_NUMBER_OBJECT_CONVERSION = YES_AGGRESSIVE;
				CLANG_CXX_LANGUAGE_STANDARD = "gnu++17";
				CLANG_CXX_LIBRARY = "libc++";
				CLANG_ENABLE_MODULES = YES;
				CLANG_ENABLE_OBJC_ARC = YES;
				CLANG_ENABLE_OBJC_WEAK = YES;
				CLANG_WARN_BLOCK_CAPTURE_AUTORELEASING = YES;
				CLANG_WARN_BOOL_CONVERSION = YES;
				CLANG_WARN_COMMA = YES;
				CLANG_WARN_CONSTANT_CONVERSION = YES;
				CLANG_WARN_DEPRECATED_OBJC_IMPLEMENTATIONS = YES;
				CLANG_WARN_DIRECT_OBJC_ISA_USAGE = YES_ERROR;
				CLANG_WARN_DOCUMENTATION_COMMENTS = YES;
				CLANG_WARN_EMPTY_BODY = YES;
				CLANG_WARN_ENUM_CONVERSION = YES;
				CLANG_WARN_INFINITE_RECURSION = YES;
				CLANG_WARN_INT_CONVERSION = YES;
				CLANG_WARN_NON_LITERAL_NULL_CONVERSION = YES;
				CLANG_WARN_OBJC_IMPLICIT_RETAIN_SELF = YES;
				CLANG_WARN_OBJC_LITERAL_CONVERSION = YES;
				CLANG_WARN_OBJC_ROOT_CLASS = YES_ERROR;
				CLANG_WARN_QUOTED_INCLUDE_IN_FRAMEWORK_HEADER = YES;
				CLANG_WARN_RANGE_LOOP_ANALYSIS = YES;
				CLANG_WARN_STRICT_PROTOTYPES = YES;
				CLANG_WARN_SUSPICIOUS_MOVE = YES;
				CLANG_WARN_UNGUARDED_AVAILABILITY = YES_AGGRESSIVE;
				CLANG_WARN_UNREACHABLE_CODE = YES;
				CLANG_WARN__DUPLICATE_METHOD_MATCH = YES;
				COPY_PHASE_STRIP = NO;
				DEBUG_INFORMATION_FORMAT = "dwarf-with-dsym";
				ENABLE_NS_ASSERTIONS = NO;
				ENABLE_STRICT_OBJC_MSGSEND = YES;
				GCC_C_LANGUAGE_STANDARD = gnu11;
				GCC_NO_COMMON_BLOCKS = YES;
				GCC_WARN_64_TO_32_BIT_CONVERSION = YES;
				GCC_WARN_ABOUT_RETURN_TYPE = YES_ERROR;
				GCC_WARN_UNDECLARED_SELECTOR = YES;
				GCC_WARN_UNINITIALIZED_AUTOS = YES_AGGRESSIVE;
				GCC_WARN_UNUSED_FUNCTION = YES;
				GCC_WARN_UNUSED_VARIABLE = YES;
				IPHONEOS_DEPLOYMENT_TARGET = 15.2;
				MTL_ENABLE_DEBUG_INFO = NO;
				MTL_FAST_MATH = YES;
				SDKROOT = iphoneos;
				SWIFT_COMPILATION_MODE = wholemodule;
				SWIFT_OPTIMIZATION_LEVEL = "-O";
				VALIDATE_PRODUCT = YES;
			};
			name = Release;
		};
		A1709A1E27D33325002D21AE /* Debug */ = {
			isa = XCBuildConfiguration;
			buildSettings = {
				ASSETCATALOG_COMPILER_APPICON_NAME = AppIcon;
				ASSETCATALOG_COMPILER_GLOBAL_ACCENT_COLOR_NAME = AccentColor;
				CODE_SIGN_STYLE = Automatic;
				CURRENT_PROJECT_VERSION = 1;
				DEVELOPMENT_TEAM = 29VQ77K8VU;
				GENERATE_INFOPLIST_FILE = YES;
				INFOPLIST_FILE = PlanRaderTask/Info.plist;
				INFOPLIST_KEY_UIApplicationSupportsIndirectInputEvents = YES;
				INFOPLIST_KEY_UILaunchStoryboardName = LaunchScreen;
				INFOPLIST_KEY_UIMainStoryboardFile = Main;
				INFOPLIST_KEY_UISupportedInterfaceOrientations_iPad = "UIInterfaceOrientationPortrait UIInterfaceOrientationPortraitUpsideDown UIInterfaceOrientationLandscapeLeft UIInterfaceOrientationLandscapeRight";
				INFOPLIST_KEY_UISupportedInterfaceOrientations_iPhone = "UIInterfaceOrientationPortrait UIInterfaceOrientationLandscapeLeft UIInterfaceOrientationLandscapeRight";
				LD_RUNPATH_SEARCH_PATHS = (
					"$(inherited)",
					"@executable_path/Frameworks",
				);
				MARKETING_VERSION = 1.0;
				PRODUCT_BUNDLE_IDENTIFIER = com.mhamdino95.PlanRaderTask.PlanRaderTask;
				PRODUCT_NAME = "$(TARGET_NAME)";
				SWIFT_EMIT_LOC_STRINGS = YES;
				SWIFT_VERSION = 5.0;
				TARGETED_DEVICE_FAMILY = "1,2";
			};
			name = Debug;
		};
		A1709A1F27D33325002D21AE /* Release */ = {
			isa = XCBuildConfiguration;
			buildSettings = {
				ASSETCATALOG_COMPILER_APPICON_NAME = AppIcon;
				ASSETCATALOG_COMPILER_GLOBAL_ACCENT_COLOR_NAME = AccentColor;
				CODE_SIGN_STYLE = Automatic;
				CURRENT_PROJECT_VERSION = 1;
				DEVELOPMENT_TEAM = 29VQ77K8VU;
				GENERATE_INFOPLIST_FILE = YES;
				INFOPLIST_FILE = PlanRaderTask/Info.plist;
				INFOPLIST_KEY_UIApplicationSupportsIndirectInputEvents = YES;
				INFOPLIST_KEY_UILaunchStoryboardName = LaunchScreen;
				INFOPLIST_KEY_UIMainStoryboardFile = Main;
				INFOPLIST_KEY_UISupportedInterfaceOrientations_iPad = "UIInterfaceOrientationPortrait UIInterfaceOrientationPortraitUpsideDown UIInterfaceOrientationLandscapeLeft UIInterfaceOrientationLandscapeRight";
				INFOPLIST_KEY_UISupportedInterfaceOrientations_iPhone = "UIInterfaceOrientationPortrait UIInterfaceOrientationLandscapeLeft UIInterfaceOrientationLandscapeRight";
				LD_RUNPATH_SEARCH_PATHS = (
					"$(inherited)",
					"@executable_path/Frameworks",
				);
				MARKETING_VERSION = 1.0;
				PRODUCT_BUNDLE_IDENTIFIER = com.mhamdino95.PlanRaderTask.PlanRaderTask;
				PRODUCT_NAME = "$(TARGET_NAME)";
				SWIFT_EMIT_LOC_STRINGS = YES;
				SWIFT_VERSION = 5.0;
				TARGETED_DEVICE_FAMILY = "1,2";
			};
			name = Release;
		};
		A1709A2127D33325002D21AE /* Debug */ = {
			isa = XCBuildConfiguration;
			buildSettings = {
				ALWAYS_EMBED_SWIFT_STANDARD_LIBRARIES = YES;
				BUNDLE_LOADER = "$(TEST_HOST)";
				CODE_SIGN_STYLE = Automatic;
				CURRENT_PROJECT_VERSION = 1;
				DEVELOPMENT_TEAM = 29VQ77K8VU;
				GENERATE_INFOPLIST_FILE = YES;
				IPHONEOS_DEPLOYMENT_TARGET = 15.2;
				MARKETING_VERSION = 1.0;
				PRODUCT_BUNDLE_IDENTIFIER = com.mhamdino95.PlanRaderTask.PlanRaderTaskTests;
				PRODUCT_NAME = "$(TARGET_NAME)";
				SWIFT_EMIT_LOC_STRINGS = NO;
				SWIFT_VERSION = 5.0;
				TARGETED_DEVICE_FAMILY = "1,2";
				TEST_HOST = "$(BUILT_PRODUCTS_DIR)/PlanRaderTask.app/PlanRaderTask";
			};
			name = Debug;
		};
		A1709A2227D33325002D21AE /* Release */ = {
			isa = XCBuildConfiguration;
			buildSettings = {
				ALWAYS_EMBED_SWIFT_STANDARD_LIBRARIES = YES;
				BUNDLE_LOADER = "$(TEST_HOST)";
				CODE_SIGN_STYLE = Automatic;
				CURRENT_PROJECT_VERSION = 1;
				DEVELOPMENT_TEAM = 29VQ77K8VU;
				GENERATE_INFOPLIST_FILE = YES;
				IPHONEOS_DEPLOYMENT_TARGET = 15.2;
				MARKETING_VERSION = 1.0;
				PRODUCT_BUNDLE_IDENTIFIER = com.mhamdino95.PlanRaderTask.PlanRaderTaskTests;
				PRODUCT_NAME = "$(TARGET_NAME)";
				SWIFT_EMIT_LOC_STRINGS = NO;
				SWIFT_VERSION = 5.0;
				TARGETED_DEVICE_FAMILY = "1,2";
				TEST_HOST = "$(BUILT_PRODUCTS_DIR)/PlanRaderTask.app/PlanRaderTask";
			};
			name = Release;
		};
		A1709A2427D33325002D21AE /* Debug */ = {
			isa = XCBuildConfiguration;
			buildSettings = {
				ALWAYS_EMBED_SWIFT_STANDARD_LIBRARIES = YES;
				CODE_SIGN_STYLE = Automatic;
				CURRENT_PROJECT_VERSION = 1;
				DEVELOPMENT_TEAM = 29VQ77K8VU;
				GENERATE_INFOPLIST_FILE = YES;
				MARKETING_VERSION = 1.0;
				PRODUCT_BUNDLE_IDENTIFIER = com.mhamdino95.PlanRaderTask.PlanRaderTaskUITests;
				PRODUCT_NAME = "$(TARGET_NAME)";
				SWIFT_EMIT_LOC_STRINGS = NO;
				SWIFT_VERSION = 5.0;
				TARGETED_DEVICE_FAMILY = "1,2";
				TEST_TARGET_NAME = PlanRaderTask;
			};
			name = Debug;
		};
		A1709A2527D33325002D21AE /* Release */ = {
			isa = XCBuildConfiguration;
			buildSettings = {
				ALWAYS_EMBED_SWIFT_STANDARD_LIBRARIES = YES;
				CODE_SIGN_STYLE = Automatic;
				CURRENT_PROJECT_VERSION = 1;
				DEVELOPMENT_TEAM = 29VQ77K8VU;
				GENERATE_INFOPLIST_FILE = YES;
				MARKETING_VERSION = 1.0;
				PRODUCT_BUNDLE_IDENTIFIER = com.mhamdino95.PlanRaderTask.PlanRaderTaskUITests;
				PRODUCT_NAME = "$(TARGET_NAME)";
				SWIFT_EMIT_LOC_STRINGS = NO;
				SWIFT_VERSION = 5.0;
				TARGETED_DEVICE_FAMILY = "1,2";
				TEST_TARGET_NAME = PlanRaderTask;
			};
			name = Release;
		};
/* End XCBuildConfiguration section */

/* Begin XCConfigurationList section */
		A17099EB27D33320002D21AE /* Build configuration list for PBXProject "PlanRaderTask" */ = {
			isa = XCConfigurationList;
			buildConfigurations = (
				A1709A1B27D33325002D21AE /* Debug */,
				A1709A1C27D33325002D21AE /* Release */,
			);
			defaultConfigurationIsVisible = 0;
			defaultConfigurationName = Release;
		};
		A1709A1D27D33325002D21AE /* Build configuration list for PBXNativeTarget "PlanRaderTask" */ = {
			isa = XCConfigurationList;
			buildConfigurations = (
				A1709A1E27D33325002D21AE /* Debug */,
				A1709A1F27D33325002D21AE /* Release */,
			);
			defaultConfigurationIsVisible = 0;
			defaultConfigurationName = Release;
		};
		A1709A2027D33325002D21AE /* Build configuration list for PBXNativeTarget "PlanRaderTaskTests" */ = {
			isa = XCConfigurationList;
			buildConfigurations = (
				A1709A2127D33325002D21AE /* Debug */,
				A1709A2227D33325002D21AE /* Release */,
			);
			defaultConfigurationIsVisible = 0;
			defaultConfigurationName = Release;
		};
		A1709A2327D33325002D21AE /* Build configuration list for PBXNativeTarget "PlanRaderTaskUITests" */ = {
			isa = XCConfigurationList;
			buildConfigurations = (
				A1709A2427D33325002D21AE /* Debug */,
				A1709A2527D33325002D21AE /* Release */,
			);
			defaultConfigurationIsVisible = 0;
			defaultConfigurationName = Release;
		};
/* End XCConfigurationList section */

/* Begin XCVersionGroup section */
		A17099FC27D33320002D21AE /* PlanRaderTask.xcdatamodeld */ = {
			isa = XCVersionGroup;
			children = (
				A17099FD27D33320002D21AE /* PlanRaderTask.xcdatamodel */,
			);
			currentVersion = A17099FD27D33320002D21AE /* PlanRaderTask.xcdatamodel */;
			path = PlanRaderTask.xcdatamodeld;
			sourceTree = "<group>";
			versionGroupType = wrapper.xcdatamodel;
		};
/* End XCVersionGroup section */
	};
	rootObject = A17099E827D33320002D21AE /* Project object */;
}
